
Microsoft Visual Studio Solution File, Format Version 12.00
# Visual Studio Version 17
VisualStudioVersion = 17.4.33213.308
MinimumVisualStudioVersion = 10.0.40219.1
Project("{FAE04EC0-301F-11D3-BF4B-00C04F79EFBC}") = "CodeWars", "CodeWars\CodeWars.csproj", "{C5D4D01C-96F3-46AD-B2C4-1A35343315E4}"
EndProject
Global
	GlobalSection(SolutionConfigurationPlatforms) = preSolution
		Debug|Any CPU = Debug|Any CPU
		Release|Any CPU = Release|Any CPU
	EndGlobalSection
	GlobalSection(ProjectConfigurationPlatforms) = postSolution
		{C5D4D01C-96F3-46AD-B2C4-1A35343315E4}.Debug|Any CPU.ActiveCfg = Debug|Any CPU
		{C5D4D01C-96F3-46AD-B2C4-1A35343315E4}.Debug|Any CPU.Build.0 = Debug|Any CPU
		{C5D4D01C-96F3-46AD-B2C4-1A35343315E4}.Release|Any CPU.ActiveCfg = Release|Any CPU
		{C5D4D01C-96F3-46AD-B2C4-1A35343315E4}.Release|Any CPU.Build.0 = Release|Any CPU
	EndGlobalSection
	GlobalSection(SolutionProperties) = preSolution
		HideSolutionNode = FALSE
	EndGlobalSection
	GlobalSection(ExtensibilityGlobals) = postSolution
		SolutionGuid = {E6ACDB51-98C3-4A51-8A5A-A89999AA1FE4}
	EndGlobalSection
EndGlobal
